
Microsoft Visual Studio Solution File, Format Version 12.00
# Visual Studio Version 16
VisualStudioVersion = 16.0.30907.101
MinimumVisualStudioVersion = 10.0.40219.1
Project("{9A19103F-16F7-4668-BE54-9A1E7A4F7556}") = "Ame.EntityFrameworkCore.Extensions", "Ame.EntityFrameworkCore.Extensions.csproj", "{7E5706FC-64FD-4BFC-870B-EEF6C3FD5F52}"
EndProject
Global
	GlobalSection(SolutionConfigurationPlatforms) = preSolution
		Debug|Any CPU = Debug|Any CPU
		Release|Any CPU = Release|Any CPU
	EndGlobalSection
	GlobalSection(ProjectConfigurationPlatforms) = postSolution
		{7E5706FC-64FD-4BFC-870B-EEF6C3FD5F52}.Debug|Any CPU.ActiveCfg = Debug|Any CPU
		{7E5706FC-64FD-4BFC-870B-EEF6C3FD5F52}.Debug|Any CPU.Build.0 = Debug|Any CPU
		{7E5706FC-64FD-4BFC-870B-EEF6C3FD5F52}.Release|Any CPU.ActiveCfg = Release|Any CPU
		{7E5706FC-64FD-4BFC-870B-EEF6C3FD5F52}.Release|Any CPU.Build.0 = Release|Any CPU
	EndGlobalSection
	GlobalSection(SolutionProperties) = preSolution
		HideSolutionNode = FALSE
	EndGlobalSection
	GlobalSection(ExtensibilityGlobals) = postSolution
		SolutionGuid = {79A9EF26-D6C9-4BAA-BD21-81772535FDB7}
	EndGlobalSection
EndGlobal
